// !$*UTF8*$!
{
	archiveVersion = 1;
	classes = {
	};
	objectVersion = 46;
	objects = {

/* Begin PBXBuildFile section */
		655A82D5C59CEF78D5B9454D /* libPods-OFProjectTemplate.a in Frameworks */ = {isa = PBXBuildFile; fileRef = C14FF01F146D2B30F592A263 /* libPods-OFProjectTemplate.a */; };
		D30CB1A21ED7F6DE000AC0BB /* main.m in Sources */ = {isa = PBXBuildFile; fileRef = D30CB1A11ED7F6DE000AC0BB /* main.m */; };
		D30CB1A51ED7F6DE000AC0BB /* AppDelegate.m in Sources */ = {isa = PBXBuildFile; fileRef = D30CB1A41ED7F6DE000AC0BB /* AppDelegate.m */; };
		D30CB1AB1ED7F6DE000AC0BB /* Main.storyboard in Resources */ = {isa = PBXBuildFile; fileRef = D30CB1A91ED7F6DE000AC0BB /* Main.storyboard */; };
		D30CB1AD1ED7F6DE000AC0BB /* Assets.xcassets in Resources */ = {isa = PBXBuildFile; fileRef = D30CB1AC1ED7F6DE000AC0BB /* Assets.xcassets */; };
		D30CB1B01ED7F6DE000AC0BB /* LaunchScreen.storyboard in Resources */ = {isa = PBXBuildFile; fileRef = D30CB1AE1ED7F6DE000AC0BB /* LaunchScreen.storyboard */; };
		D30CB1BB1ED7F6DE000AC0BB /* OFProjectTemplateTests.m in Sources */ = {isa = PBXBuildFile; fileRef = D30CB1BA1ED7F6DE000AC0BB /* OFProjectTemplateTests.m */; };
		D3207FCD1ED910A500240DD2 /* HomeTabContainerViewModel.m in Sources */ = {isa = PBXBuildFile; fileRef = D3207FCC1ED910A500240DD2 /* HomeTabContainerViewModel.m */; };
		D3207FD01ED91C8A00240DD2 /* HotPlayController.m in Sources */ = {isa = PBXBuildFile; fileRef = D3207FCF1ED91C8A00240DD2 /* HotPlayController.m */; };
		D3207FD61ED92E1A00240DD2 /* OSearchView.m in Sources */ = {isa = PBXBuildFile; fileRef = D3207FD51ED92E1A00240DD2 /* OSearchView.m */; };
		D3207FD91ED9487200240DD2 /* HotTableViewModel.m in Sources */ = {isa = PBXBuildFile; fileRef = D3207FD81ED9487200240DD2 /* HotTableViewModel.m */; };
		D3207FDC1ED9497000240DD2 /* HotTableViewCell.m in Sources */ = {isa = PBXBuildFile; fileRef = D3207FDB1ED9497000240DD2 /* HotTableViewCell.m */; };
		D3207FDF1ED94C5F00240DD2 /* HotTableViewCellViewModel.m in Sources */ = {isa = PBXBuildFile; fileRef = D3207FDE1ED94C5F00240DD2 /* HotTableViewCellViewModel.m */; };
		D3E5435E1ED9505900D8898C /* VerticalVideoCollectionCell.m in Sources */ = {isa = PBXBuildFile; fileRef = D3E5435D1ED9505900D8898C /* VerticalVideoCollectionCell.m */; };
		D3E543681ED959EF00D8898C /* UITableView+Extension.m in Sources */ = {isa = PBXBuildFile; fileRef = D3E543671ED959EF00D8898C /* UITableView+Extension.m */; };
		D3E5436C1EDE546E00D8898C /* OBannerView.m in Sources */ = {isa = PBXBuildFile; fileRef = D3E5436B1EDE546D00D8898C /* OBannerView.m */; };
		D3E5436F1EDE615900D8898C /* OShowHud.m in Sources */ = {isa = PBXBuildFile; fileRef = D3E5436E1EDE615900D8898C /* OShowHud.m */; };
		D3E543731EDE68B800D8898C /* UIImageView+FadeForSDWebImage.m in Sources */ = {isa = PBXBuildFile; fileRef = D3E543721EDE68B800D8898C /* UIImageView+FadeForSDWebImage.m */; };
		D3E543761EDE691000D8898C /* UIButton+FadeForSDWebImage.m in Sources */ = {isa = PBXBuildFile; fileRef = D3E543751EDE691000D8898C /* UIButton+FadeForSDWebImage.m */; };
		D65DC8C71ED825500030636D /* ApplicationDetailsViewController.m in Sources */ = {isa = PBXBuildFile; fileRef = D65DC8831ED825500030636D /* ApplicationDetailsViewController.m */; };
		D65DC8C81ED825500030636D /* ApplicationViewController.m in Sources */ = {isa = PBXBuildFile; fileRef = D65DC8851ED825500030636D /* ApplicationViewController.m */; };
		D65DC8C91ED825500030636D /* ApplicationTableViewCell.m in Sources */ = {isa = PBXBuildFile; fileRef = D65DC88A1ED825500030636D /* ApplicationTableViewCell.m */; };
		D65DC8CA1ED825500030636D /* ApplicationView.m in Sources */ = {isa = PBXBuildFile; fileRef = D65DC88C1ED825500030636D /* ApplicationView.m */; };
		D65DC8CB1ED825500030636D /* OFBaseViewController.m in Sources */ = {isa = PBXBuildFile; fileRef = D65DC88F1ED825500030636D /* OFBaseViewController.m */; };
		D65DC8CC1ED825500030636D /* ChannelViewController.m in Sources */ = {isa = PBXBuildFile; fileRef = D65DC8931ED825500030636D /* ChannelViewController.m */; };
		D65DC8CD1ED825500030636D /* DetailsViewController.m in Sources */ = {isa = PBXBuildFile; fileRef = D65DC89A1ED825500030636D /* DetailsViewController.m */; };
		D65DC8CE1ED825500030636D /* HomeViewController.m in Sources */ = {isa = PBXBuildFile; fileRef = D65DC89C1ED825500030636D /* HomeViewController.m */; };
		D65DC8CF1ED825500030636D /* HomeModel.m in Sources */ = {isa = PBXBuildFile; fileRef = D65DC89F1ED825500030636D /* HomeModel.m */; };
		D65DC8D11ED825500030636D /* HomeTableViewCell.m in Sources */ = {isa = PBXBuildFile; fileRef = D65DC8A51ED825500030636D /* HomeTableViewCell.m */; };
		D65DC8D21ED825500030636D /* MyViewController.m in Sources */ = {isa = PBXBuildFile; fileRef = D65DC8AD1ED825500030636D /* MyViewController.m */; };
		D65DC8D31ED825500030636D /* MyView.m in Sources */ = {isa = PBXBuildFile; fileRef = D65DC8B21ED825500030636D /* MyView.m */; };
		D65DC8D41ED825500030636D /* TYPagerController.m in Sources */ = {isa = PBXBuildFile; fileRef = D65DC8B61ED825500030636D /* TYPagerController.m */; };
		D65DC8D51ED825500030636D /* TYTabButtonPagerController.m in Sources */ = {isa = PBXBuildFile; fileRef = D65DC8B81ED825500030636D /* TYTabButtonPagerController.m */; };
		D65DC8D61ED825500030636D /* TYTabPagerController.m in Sources */ = {isa = PBXBuildFile; fileRef = D65DC8BA1ED825500030636D /* TYTabPagerController.m */; };
		D65DC8D71ED825500030636D /* TYTabTitleViewCell.m in Sources */ = {isa = PBXBuildFile; fileRef = D65DC8BD1ED825500030636D /* TYTabTitleViewCell.m */; };
		D65DC8D81ED825500030636D /* RemoteViewController.m in Sources */ = {isa = PBXBuildFile; fileRef = D65DC8C11ED825500030636D /* RemoteViewController.m */; };
		D65DC8D91ED825500030636D /* RemoteView.m in Sources */ = {isa = PBXBuildFile; fileRef = D65DC8C61ED825500030636D /* RemoteView.m */; };
		D65DC8DC1ED83A490030636D /* OShowDetailsView.m in Sources */ = {isa = PBXBuildFile; fileRef = D65DC8DB1ED83A490030636D /* OShowDetailsView.m */; };
		D65DC8E21ED94B430030636D /* CommentsCell.m in Sources */ = {isa = PBXBuildFile; fileRef = D65DC8E11ED94B430030636D /* CommentsCell.m */; };
/* End PBXBuildFile section */

/* Begin PBXContainerItemProxy section */
		D30CB1B71ED7F6DE000AC0BB /* PBXContainerItemProxy */ = {
			isa = PBXContainerItemProxy;
			containerPortal = D30CB1951ED7F6DE000AC0BB /* Project object */;
			proxyType = 1;
			remoteGlobalIDString = D30CB19C1ED7F6DE000AC0BB;
			remoteInfo = OFProjectTemplate;
		};
/* End PBXContainerItemProxy section */

/* Begin PBXFileReference section */
		184A319786C35924AA5CA6BA /* Pods-OFProjectTemplate.release.xcconfig */ = {isa = PBXFileReference; includeInIndex = 1; lastKnownFileType = text.xcconfig; name = "Pods-OFProjectTemplate.release.xcconfig"; path = "Pods/Target Support Files/Pods-OFProjectTemplate/Pods-OFProjectTemplate.release.xcconfig"; sourceTree = "<group>"; };
		A1785CF1F83A3AB4912F8693 /* Pods-OFProjectTemplate.debug.xcconfig */ = {isa = PBXFileReference; includeInIndex = 1; lastKnownFileType = text.xcconfig; name = "Pods-OFProjectTemplate.debug.xcconfig"; path = "Pods/Target Support Files/Pods-OFProjectTemplate/Pods-OFProjectTemplate.debug.xcconfig"; sourceTree = "<group>"; };
		C14FF01F146D2B30F592A263 /* libPods-OFProjectTemplate.a */ = {isa = PBXFileReference; explicitFileType = archive.ar; includeInIndex = 0; path = "libPods-OFProjectTemplate.a"; sourceTree = BUILT_PRODUCTS_DIR; };
		D30CB19D1ED7F6DE000AC0BB /* OFProjectTemplate.app */ = {isa = PBXFileReference; explicitFileType = wrapper.application; includeInIndex = 0; path = OFProjectTemplate.app; sourceTree = BUILT_PRODUCTS_DIR; };
		D30CB1A11ED7F6DE000AC0BB /* main.m */ = {isa = PBXFileReference; lastKnownFileType = sourcecode.c.objc; path = main.m; sourceTree = "<group>"; };
		D30CB1A31ED7F6DE000AC0BB /* AppDelegate.h */ = {isa = PBXFileReference; lastKnownFileType = sourcecode.c.h; path = AppDelegate.h; sourceTree = "<group>"; };
		D30CB1A41ED7F6DE000AC0BB /* AppDelegate.m */ = {isa = PBXFileReference; lastKnownFileType = sourcecode.c.objc; path = AppDelegate.m; sourceTree = "<group>"; };
		D30CB1AA1ED7F6DE000AC0BB /* Base */ = {isa = PBXFileReference; lastKnownFileType = file.storyboard; name = Base; path = Base.lproj/Main.storyboard; sourceTree = "<group>"; };
		D30CB1AC1ED7F6DE000AC0BB /* Assets.xcassets */ = {isa = PBXFileReference; lastKnownFileType = folder.assetcatalog; path = Assets.xcassets; sourceTree = "<group>"; };
		D30CB1AF1ED7F6DE000AC0BB /* Base */ = {isa = PBXFileReference; lastKnownFileType = file.storyboard; name = Base; path = Base.lproj/LaunchScreen.storyboard; sourceTree = "<group>"; };
		D30CB1B11ED7F6DE000AC0BB /* Info.plist */ = {isa = PBXFileReference; lastKnownFileType = text.plist.xml; path = Info.plist; sourceTree = "<group>"; };
		D30CB1B61ED7F6DE000AC0BB /* OFProjectTemplateTests.xctest */ = {isa = PBXFileReference; explicitFileType = wrapper.cfbundle; includeInIndex = 0; path = OFProjectTemplateTests.xctest; sourceTree = BUILT_PRODUCTS_DIR; };
		D30CB1BA1ED7F6DE000AC0BB /* OFProjectTemplateTests.m */ = {isa = PBXFileReference; lastKnownFileType = sourcecode.c.objc; path = OFProjectTemplateTests.m; sourceTree = "<group>"; };
		D30CB1BC1ED7F6DE000AC0BB /* Info.plist */ = {isa = PBXFileReference; lastKnownFileType = text.plist.xml; path = Info.plist; sourceTree = "<group>"; };
		D3207FC81ED82F5E00240DD2 /* OVendorMacro.h */ = {isa = PBXFileReference; fileEncoding = 4; lastKnownFileType = sourcecode.c.h; path = OVendorMacro.h; sourceTree = "<group>"; };
		D3207FC91ED82FDC00240DD2 /* OEnviroment.h */ = {isa = PBXFileReference; fileEncoding = 4; lastKnownFileType = sourcecode.c.h; path = OEnviroment.h; sourceTree = "<group>"; };
		D3207FCB1ED910A500240DD2 /* HomeTabContainerViewModel.h */ = {isa = PBXFileReference; fileEncoding = 4; lastKnownFileType = sourcecode.c.h; path = HomeTabContainerViewModel.h; sourceTree = "<group>"; };
		D3207FCC1ED910A500240DD2 /* HomeTabContainerViewModel.m */ = {isa = PBXFileReference; fileEncoding = 4; lastKnownFileType = sourcecode.c.objc; path = HomeTabContainerViewModel.m; sourceTree = "<group>"; };
		D3207FCE1ED91C8A00240DD2 /* HotPlayController.h */ = {isa = PBXFileReference; fileEncoding = 4; lastKnownFileType = sourcecode.c.h; path = HotPlayController.h; sourceTree = "<group>"; };
		D3207FCF1ED91C8A00240DD2 /* HotPlayController.m */ = {isa = PBXFileReference; fileEncoding = 4; lastKnownFileType = sourcecode.c.objc; path = HotPlayController.m; sourceTree = "<group>"; };
		D3207FD41ED92E1A00240DD2 /* OSearchView.h */ = {isa = PBXFileReference; fileEncoding = 4; lastKnownFileType = sourcecode.c.h; path = OSearchView.h; sourceTree = "<group>"; };
		D3207FD51ED92E1A00240DD2 /* OSearchView.m */ = {isa = PBXFileReference; fileEncoding = 4; lastKnownFileType = sourcecode.c.objc; path = OSearchView.m; sourceTree = "<group>"; };
		D3207FD71ED9487200240DD2 /* HotTableViewModel.h */ = {isa = PBXFileReference; fileEncoding = 4; lastKnownFileType = sourcecode.c.h; path = HotTableViewModel.h; sourceTree = "<group>"; };
		D3207FD81ED9487200240DD2 /* HotTableViewModel.m */ = {isa = PBXFileReference; fileEncoding = 4; lastKnownFileType = sourcecode.c.objc; path = HotTableViewModel.m; sourceTree = "<group>"; };
		D3207FDA1ED9497000240DD2 /* HotTableViewCell.h */ = {isa = PBXFileReference; fileEncoding = 4; lastKnownFileType = sourcecode.c.h; path = HotTableViewCell.h; sourceTree = "<group>"; };
		D3207FDB1ED9497000240DD2 /* HotTableViewCell.m */ = {isa = PBXFileReference; fileEncoding = 4; lastKnownFileType = sourcecode.c.objc; path = HotTableViewCell.m; sourceTree = "<group>"; };
		D3207FDD1ED94C5F00240DD2 /* HotTableViewCellViewModel.h */ = {isa = PBXFileReference; fileEncoding = 4; lastKnownFileType = sourcecode.c.h; path = HotTableViewCellViewModel.h; sourceTree = "<group>"; };
		D3207FDE1ED94C5F00240DD2 /* HotTableViewCellViewModel.m */ = {isa = PBXFileReference; fileEncoding = 4; lastKnownFileType = sourcecode.c.objc; path = HotTableViewCellViewModel.m; sourceTree = "<group>"; };
		D3C29BC61ED7FF300030D262 /* libz.tbd */ = {isa = PBXFileReference; lastKnownFileType = "sourcecode.text-based-dylib-definition"; name = libz.tbd; path = usr/lib/libz.tbd; sourceTree = SDKROOT; };
		D3C29BC81ED7FF410030D262 /* libc++.tbd */ = {isa = PBXFileReference; lastKnownFileType = "sourcecode.text-based-dylib-definition"; name = "libc++.tbd"; path = "usr/lib/libc++.tbd"; sourceTree = SDKROOT; };
		D3C29BCA1ED7FF530030D262 /* libz.1.tbd */ = {isa = PBXFileReference; lastKnownFileType = "sourcecode.text-based-dylib-definition"; name = libz.1.tbd; path = usr/lib/libz.1.tbd; sourceTree = SDKROOT; };
		D3C29BCC1ED7FF660030D262 /* libsqlite3.tbd */ = {isa = PBXFileReference; lastKnownFileType = "sourcecode.text-based-dylib-definition"; name = libsqlite3.tbd; path = usr/lib/libsqlite3.tbd; sourceTree = SDKROOT; };
		D3C29BCE1ED802CF0030D262 /* libPods-OFProjectTemplateTests.a */ = {isa = PBXFileReference; lastKnownFileType = archive.ar; name = "libPods-OFProjectTemplateTests.a"; path = "../../Library/Developer/Xcode/DerivedData/OFProjectTemplate-dqaugnwwcdzknyfdcwdbvdyciqfm/Build/Products/Debug-iphonesimulator/libPods-OFProjectTemplateTests.a"; sourceTree = "<group>"; };
		D3E5435C1ED9505900D8898C /* VerticalVideoCollectionCell.h */ = {isa = PBXFileReference; fileEncoding = 4; lastKnownFileType = sourcecode.c.h; path = VerticalVideoCollectionCell.h; sourceTree = "<group>"; };
		D3E5435D1ED9505900D8898C /* VerticalVideoCollectionCell.m */ = {isa = PBXFileReference; fileEncoding = 4; lastKnownFileType = sourcecode.c.objc; path = VerticalVideoCollectionCell.m; sourceTree = "<group>"; };
		D3E543661ED959EF00D8898C /* UITableView+Extension.h */ = {isa = PBXFileReference; fileEncoding = 4; lastKnownFileType = sourcecode.c.h; path = "UITableView+Extension.h"; sourceTree = "<group>"; };
		D3E543671ED959EF00D8898C /* UITableView+Extension.m */ = {isa = PBXFileReference; fileEncoding = 4; lastKnownFileType = sourcecode.c.objc; path = "UITableView+Extension.m"; sourceTree = "<group>"; };
		D3E5436A1EDE546D00D8898C /* OBannerView.h */ = {isa = PBXFileReference; fileEncoding = 4; lastKnownFileType = sourcecode.c.h; path = OBannerView.h; sourceTree = "<group>"; };
		D3E5436B1EDE546D00D8898C /* OBannerView.m */ = {isa = PBXFileReference; fileEncoding = 4; lastKnownFileType = sourcecode.c.objc; path = OBannerView.m; sourceTree = "<group>"; };
		D3E5436D1EDE615900D8898C /* OShowHud.h */ = {isa = PBXFileReference; fileEncoding = 4; lastKnownFileType = sourcecode.c.h; path = OShowHud.h; sourceTree = "<group>"; };
		D3E5436E1EDE615900D8898C /* OShowHud.m */ = {isa = PBXFileReference; fileEncoding = 4; lastKnownFileType = sourcecode.c.objc; path = OShowHud.m; sourceTree = "<group>"; };
		D3E543711EDE68B800D8898C /* UIImageView+FadeForSDWebImage.h */ = {isa = PBXFileReference; fileEncoding = 4; lastKnownFileType = sourcecode.c.h; path = "UIImageView+FadeForSDWebImage.h"; sourceTree = "<group>"; };
		D3E543721EDE68B800D8898C /* UIImageView+FadeForSDWebImage.m */ = {isa = PBXFileReference; fileEncoding = 4; lastKnownFileType = sourcecode.c.objc; path = "UIImageView+FadeForSDWebImage.m"; sourceTree = "<group>"; };
		D3E543741EDE691000D8898C /* UIButton+FadeForSDWebImage.h */ = {isa = PBXFileReference; fileEncoding = 4; lastKnownFileType = sourcecode.c.h; path = "UIButton+FadeForSDWebImage.h"; sourceTree = "<group>"; };
		D3E543751EDE691000D8898C /* UIButton+FadeForSDWebImage.m */ = {isa = PBXFileReference; fileEncoding = 4; lastKnownFileType = sourcecode.c.objc; path = "UIButton+FadeForSDWebImage.m"; sourceTree = "<group>"; };
		D65DC8821ED825500030636D /* ApplicationDetailsViewController.h */ = {isa = PBXFileReference; fileEncoding = 4; lastKnownFileType = sourcecode.c.h; path = ApplicationDetailsViewController.h; sourceTree = "<group>"; };
		D65DC8831ED825500030636D /* ApplicationDetailsViewController.m */ = {isa = PBXFileReference; fileEncoding = 4; lastKnownFileType = sourcecode.c.objc; path = ApplicationDetailsViewController.m; sourceTree = "<group>"; };
		D65DC8841ED825500030636D /* ApplicationViewController.h */ = {isa = PBXFileReference; fileEncoding = 4; lastKnownFileType = sourcecode.c.h; path = ApplicationViewController.h; sourceTree = "<group>"; };
		D65DC8851ED825500030636D /* ApplicationViewController.m */ = {isa = PBXFileReference; fileEncoding = 4; lastKnownFileType = sourcecode.c.objc; path = ApplicationViewController.m; sourceTree = "<group>"; };
		D65DC8891ED825500030636D /* ApplicationTableViewCell.h */ = {isa = PBXFileReference; fileEncoding = 4; lastKnownFileType = sourcecode.c.h; path = ApplicationTableViewCell.h; sourceTree = "<group>"; };
		D65DC88A1ED825500030636D /* ApplicationTableViewCell.m */ = {isa = PBXFileReference; fileEncoding = 4; lastKnownFileType = sourcecode.c.objc; path = ApplicationTableViewCell.m; sourceTree = "<group>"; };
		D65DC88B1ED825500030636D /* ApplicationView.h */ = {isa = PBXFileReference; fileEncoding = 4; lastKnownFileType = sourcecode.c.h; path = ApplicationView.h; sourceTree = "<group>"; };
		D65DC88C1ED825500030636D /* ApplicationView.m */ = {isa = PBXFileReference; fileEncoding = 4; lastKnownFileType = sourcecode.c.objc; path = ApplicationView.m; sourceTree = "<group>"; };
		D65DC88E1ED825500030636D /* OFBaseViewController.h */ = {isa = PBXFileReference; fileEncoding = 4; lastKnownFileType = sourcecode.c.h; path = OFBaseViewController.h; sourceTree = "<group>"; };
		D65DC88F1ED825500030636D /* OFBaseViewController.m */ = {isa = PBXFileReference; fileEncoding = 4; lastKnownFileType = sourcecode.c.objc; path = OFBaseViewController.m; sourceTree = "<group>"; };
		D65DC8921ED825500030636D /* ChannelViewController.h */ = {isa = PBXFileReference; fileEncoding = 4; lastKnownFileType = sourcecode.c.h; path = ChannelViewController.h; sourceTree = "<group>"; };
		D65DC8931ED825500030636D /* ChannelViewController.m */ = {isa = PBXFileReference; fileEncoding = 4; lastKnownFileType = sourcecode.c.objc; path = ChannelViewController.m; sourceTree = "<group>"; };
		D65DC8991ED825500030636D /* DetailsViewController.h */ = {isa = PBXFileReference; fileEncoding = 4; lastKnownFileType = sourcecode.c.h; path = DetailsViewController.h; sourceTree = "<group>"; };
		D65DC89A1ED825500030636D /* DetailsViewController.m */ = {isa = PBXFileReference; fileEncoding = 4; lastKnownFileType = sourcecode.c.objc; path = DetailsViewController.m; sourceTree = "<group>"; };
		D65DC89B1ED825500030636D /* HomeViewController.h */ = {isa = PBXFileReference; fileEncoding = 4; lastKnownFileType = sourcecode.c.h; path = HomeViewController.h; sourceTree = "<group>"; };
		D65DC89C1ED825500030636D /* HomeViewController.m */ = {isa = PBXFileReference; fileEncoding = 4; lastKnownFileType = sourcecode.c.objc; path = HomeViewController.m; sourceTree = "<group>"; };
		D65DC89E1ED825500030636D /* HomeModel.h */ = {isa = PBXFileReference; fileEncoding = 4; lastKnownFileType = sourcecode.c.h; path = HomeModel.h; sourceTree = "<group>"; };
		D65DC89F1ED825500030636D /* HomeModel.m */ = {isa = PBXFileReference; fileEncoding = 4; lastKnownFileType = sourcecode.c.objc; path = HomeModel.m; sourceTree = "<group>"; };
		D65DC8A41ED825500030636D /* HomeTableViewCell.h */ = {isa = PBXFileReference; fileEncoding = 4; lastKnownFileType = sourcecode.c.h; path = HomeTableViewCell.h; sourceTree = "<group>"; };
		D65DC8A51ED825500030636D /* HomeTableViewCell.m */ = {isa = PBXFileReference; fileEncoding = 4; lastKnownFileType = sourcecode.c.objc; path = HomeTableViewCell.m; sourceTree = "<group>"; };
		D65DC8A71ED825500030636D /* OFHomeMacro.h */ = {isa = PBXFileReference; fileEncoding = 4; lastKnownFileType = sourcecode.c.h; name = OFHomeMacro.h; path = ../Macro/OFHomeMacro.h; sourceTree = "<group>"; };
		D65DC8A81ED825500030636D /* OFNotificationMacros.h */ = {isa = PBXFileReference; fileEncoding = 4; lastKnownFileType = sourcecode.c.h; path = OFNotificationMacros.h; sourceTree = "<group>"; };
		D65DC8A91ED825500030636D /* OFUIkitMacro.h */ = {isa = PBXFileReference; fileEncoding = 4; lastKnownFileType = sourcecode.c.h; path = OFUIkitMacro.h; sourceTree = "<group>"; };
		D65DC8AC1ED825500030636D /* MyViewController.h */ = {isa = PBXFileReference; fileEncoding = 4; lastKnownFileType = sourcecode.c.h; path = MyViewController.h; sourceTree = "<group>"; };
		D65DC8AD1ED825500030636D /* MyViewController.m */ = {isa = PBXFileReference; fileEncoding = 4; lastKnownFileType = sourcecode.c.objc; path = MyViewController.m; sourceTree = "<group>"; };
		D65DC8B11ED825500030636D /* MyView.h */ = {isa = PBXFileReference; fileEncoding = 4; lastKnownFileType = sourcecode.c.h; path = MyView.h; sourceTree = "<group>"; };
		D65DC8B21ED825500030636D /* MyView.m */ = {isa = PBXFileReference; fileEncoding = 4; lastKnownFileType = sourcecode.c.objc; path = MyView.m; sourceTree = "<group>"; };
		D65DC8B51ED825500030636D /* TYPagerController.h */ = {isa = PBXFileReference; fileEncoding = 4; lastKnownFileType = sourcecode.c.h; path = TYPagerController.h; sourceTree = "<group>"; };
		D65DC8B61ED825500030636D /* TYPagerController.m */ = {isa = PBXFileReference; fileEncoding = 4; lastKnownFileType = sourcecode.c.objc; path = TYPagerController.m; sourceTree = "<group>"; };
		D65DC8B71ED825500030636D /* TYTabButtonPagerController.h */ = {isa = PBXFileReference; fileEncoding = 4; lastKnownFileType = sourcecode.c.h; path = TYTabButtonPagerController.h; sourceTree = "<group>"; };
		D65DC8B81ED825500030636D /* TYTabButtonPagerController.m */ = {isa = PBXFileReference; fileEncoding = 4; lastKnownFileType = sourcecode.c.objc; path = TYTabButtonPagerController.m; sourceTree = "<group>"; };
		D65DC8B91ED825500030636D /* TYTabPagerController.h */ = {isa = PBXFileReference; fileEncoding = 4; lastKnownFileType = sourcecode.c.h; path = TYTabPagerController.h; sourceTree = "<group>"; };
		D65DC8BA1ED825500030636D /* TYTabPagerController.m */ = {isa = PBXFileReference; fileEncoding = 4; lastKnownFileType = sourcecode.c.objc; path = TYTabPagerController.m; sourceTree = "<group>"; };
		D65DC8BB1ED825500030636D /* TYTabTitleCellProtocol.h */ = {isa = PBXFileReference; fileEncoding = 4; lastKnownFileType = sourcecode.c.h; path = TYTabTitleCellProtocol.h; sourceTree = "<group>"; };
		D65DC8BC1ED825500030636D /* TYTabTitleViewCell.h */ = {isa = PBXFileReference; fileEncoding = 4; lastKnownFileType = sourcecode.c.h; path = TYTabTitleViewCell.h; sourceTree = "<group>"; };
		D65DC8BD1ED825500030636D /* TYTabTitleViewCell.m */ = {isa = PBXFileReference; fileEncoding = 4; lastKnownFileType = sourcecode.c.objc; path = TYTabTitleViewCell.m; sourceTree = "<group>"; };
		D65DC8C01ED825500030636D /* RemoteViewController.h */ = {isa = PBXFileReference; fileEncoding = 4; lastKnownFileType = sourcecode.c.h; path = RemoteViewController.h; sourceTree = "<group>"; };
		D65DC8C11ED825500030636D /* RemoteViewController.m */ = {isa = PBXFileReference; fileEncoding = 4; lastKnownFileType = sourcecode.c.objc; path = RemoteViewController.m; sourceTree = "<group>"; };
		D65DC8C51ED825500030636D /* RemoteView.h */ = {isa = PBXFileReference; fileEncoding = 4; lastKnownFileType = sourcecode.c.h; path = RemoteView.h; sourceTree = "<group>"; };
		D65DC8C61ED825500030636D /* RemoteView.m */ = {isa = PBXFileReference; fileEncoding = 4; lastKnownFileType = sourcecode.c.objc; path = RemoteView.m; sourceTree = "<group>"; };
		D65DC8DA1ED83A490030636D /* OShowDetailsView.h */ = {isa = PBXFileReference; fileEncoding = 4; lastKnownFileType = sourcecode.c.h; path = OShowDetailsView.h; sourceTree = "<group>"; };
		D65DC8DB1ED83A490030636D /* OShowDetailsView.m */ = {isa = PBXFileReference; fileEncoding = 4; lastKnownFileType = sourcecode.c.objc; path = OShowDetailsView.m; sourceTree = "<group>"; };
		D65DC8E01ED94B430030636D /* CommentsCell.h */ = {isa = PBXFileReference; fileEncoding = 4; lastKnownFileType = sourcecode.c.h; path = CommentsCell.h; sourceTree = "<group>"; };
		D65DC8E11ED94B430030636D /* CommentsCell.m */ = {isa = PBXFileReference; fileEncoding = 4; lastKnownFileType = sourcecode.c.objc; path = CommentsCell.m; sourceTree = "<group>"; };
		F768E05650A828AB4D1F1B5D /* libPods-OFProjectTemplateTests.a */ = {isa = PBXFileReference; explicitFileType = archive.ar; includeInIndex = 0; path = "libPods-OFProjectTemplateTests.a"; sourceTree = BUILT_PRODUCTS_DIR; };
/* End PBXFileReference section */

/* Begin PBXFrameworksBuildPhase section */
		D30CB19A1ED7F6DE000AC0BB /* Frameworks */ = {
			isa = PBXFrameworksBuildPhase;
			buildActionMask = 2147483647;
			files = (
				655A82D5C59CEF78D5B9454D /* libPods-OFProjectTemplate.a in Frameworks */,
			);
			runOnlyForDeploymentPostprocessing = 0;
		};
		D30CB1B31ED7F6DE000AC0BB /* Frameworks */ = {
			isa = PBXFrameworksBuildPhase;
			buildActionMask = 2147483647;
			files = (
			);
			runOnlyForDeploymentPostprocessing = 0;
		};
/* End PBXFrameworksBuildPhase section */

/* Begin PBXGroup section */
		0B20F736CB3F2AB4F0BA0B4B /* Pods */ = {
			isa = PBXGroup;
			children = (
				A1785CF1F83A3AB4912F8693 /* Pods-OFProjectTemplate.debug.xcconfig */,
				184A319786C35924AA5CA6BA /* Pods-OFProjectTemplate.release.xcconfig */,
			);
			name = Pods;
			sourceTree = "<group>";
		};
		D30CB1941ED7F6DE000AC0BB = {
			isa = PBXGroup;
			children = (
				D30CB19F1ED7F6DE000AC0BB /* OFProjectTemplate */,
				D30CB1B91ED7F6DE000AC0BB /* OFProjectTemplateTests */,
				D30CB19E1ED7F6DE000AC0BB /* Products */,
				0B20F736CB3F2AB4F0BA0B4B /* Pods */,
				E2D9EF11CB7F47353EABA8EC /* Frameworks */,
			);
			sourceTree = "<group>";
		};
		D30CB19E1ED7F6DE000AC0BB /* Products */ = {
			isa = PBXGroup;
			children = (
				D30CB19D1ED7F6DE000AC0BB /* OFProjectTemplate.app */,
				D30CB1B61ED7F6DE000AC0BB /* OFProjectTemplateTests.xctest */,
			);
			name = Products;
			sourceTree = "<group>";
		};
		D30CB19F1ED7F6DE000AC0BB /* OFProjectTemplate */ = {
			isa = PBXGroup;
			children = (
				D30CB1A31ED7F6DE000AC0BB /* AppDelegate.h */,
				D30CB1A41ED7F6DE000AC0BB /* AppDelegate.m */,
				D3207FCA1ED83BEF00240DD2 /* Sections */,
				D65DC8A61ED825500030636D /* Macro */,
				D65DC8B31ED825500030636D /* OFFrameworks */,
				D30CB1A01ED7F6DE000AC0BB /* Supporting Files */,
			);
			path = OFProjectTemplate;
			sourceTree = "<group>";
		};
		D30CB1A01ED7F6DE000AC0BB /* Supporting Files */ = {
			isa = PBXGroup;
			children = (
				D30CB1A91ED7F6DE000AC0BB /* Main.storyboard */,
				D30CB1AC1ED7F6DE000AC0BB /* Assets.xcassets */,
				D30CB1AE1ED7F6DE000AC0BB /* LaunchScreen.storyboard */,
				D30CB1B11ED7F6DE000AC0BB /* Info.plist */,
				D30CB1A11ED7F6DE000AC0BB /* main.m */,
			);
			name = "Supporting Files";
			sourceTree = "<group>";
		};
		D30CB1B91ED7F6DE000AC0BB /* OFProjectTemplateTests */ = {
			isa = PBXGroup;
			children = (
				D30CB1BA1ED7F6DE000AC0BB /* OFProjectTemplateTests.m */,
				D30CB1BC1ED7F6DE000AC0BB /* Info.plist */,
			);
			path = OFProjectTemplateTests;
			sourceTree = "<group>";
		};
		D3207FCA1ED83BEF00240DD2 /* Sections */ = {
			isa = PBXGroup;
			children = (
				D3E543691EDE543700D8898C /* Components */,
				D3E5435F1ED9593E00D8898C /* Extensions */,
				D65DC88D1ED825500030636D /* Base */,
				D65DC8BE1ED825500030636D /* RemoteControl */,
				D65DC8801ED825500030636D /* Application */,
				D65DC8901ED825500030636D /* Channel */,
				D65DC8971ED825500030636D /* Home */,
				D65DC8AA1ED825500030636D /* My */,
			);
			name = Sections;
			sourceTree = "<group>";
		};
		D3E5435F1ED9593E00D8898C /* Extensions */ = {
			isa = PBXGroup;
			children = (
				D3E543661ED959EF00D8898C /* UITableView+Extension.h */,
				D3E543671ED959EF00D8898C /* UITableView+Extension.m */,
				D3E543711EDE68B800D8898C /* UIImageView+FadeForSDWebImage.h */,
				D3E543721EDE68B800D8898C /* UIImageView+FadeForSDWebImage.m */,
				D3E543741EDE691000D8898C /* UIButton+FadeForSDWebImage.h */,
				D3E543751EDE691000D8898C /* UIButton+FadeForSDWebImage.m */,
			);
			name = Extensions;
			sourceTree = "<group>";
		};
		D3E543691EDE543700D8898C /* Components */ = {
			isa = PBXGroup;
			children = (
				D3E5436A1EDE546D00D8898C /* OBannerView.h */,
				D3E5436B1EDE546D00D8898C /* OBannerView.m */,
				D3E5436D1EDE615900D8898C /* OShowHud.h */,
				D3E5436E1EDE615900D8898C /* OShowHud.m */,
			);
			name = Components;
			sourceTree = "<group>";
		};
		D65DC8801ED825500030636D /* Application */ = {
			isa = PBXGroup;
			children = (
				D65DC8811ED825500030636D /* Controllers */,
				D65DC8861ED825500030636D /* Models */,
				D65DC8871ED825500030636D /* ViewModels */,
				D65DC8881ED825500030636D /* Views */,
			);
			path = Application;
			sourceTree = "<group>";
		};
		D65DC8811ED825500030636D /* Controllers */ = {
			isa = PBXGroup;
			children = (
				D65DC8821ED825500030636D /* ApplicationDetailsViewController.h */,
				D65DC8831ED825500030636D /* ApplicationDetailsViewController.m */,
				D65DC8841ED825500030636D /* ApplicationViewController.h */,
				D65DC8851ED825500030636D /* ApplicationViewController.m */,
			);
			path = Controllers;
			sourceTree = "<group>";
		};
		D65DC8861ED825500030636D /* Models */ = {
			isa = PBXGroup;
			children = (
			);
			path = Models;
			sourceTree = "<group>";
		};
		D65DC8871ED825500030636D /* ViewModels */ = {
			isa = PBXGroup;
			children = (
			);
			path = ViewModels;
			sourceTree = "<group>";
		};
		D65DC8881ED825500030636D /* Views */ = {
			isa = PBXGroup;
			children = (
				D65DC8891ED825500030636D /* ApplicationTableViewCell.h */,
				D65DC88A1ED825500030636D /* ApplicationTableViewCell.m */,
				D65DC88B1ED825500030636D /* ApplicationView.h */,
				D65DC88C1ED825500030636D /* ApplicationView.m */,
			);
			path = Views;
			sourceTree = "<group>";
		};
		D65DC88D1ED825500030636D /* Base */ = {
			isa = PBXGroup;
			children = (
				D65DC88E1ED825500030636D /* OFBaseViewController.h */,
				D65DC88F1ED825500030636D /* OFBaseViewController.m */,
			);
			path = Base;
			sourceTree = "<group>";
		};
		D65DC8901ED825500030636D /* Channel */ = {
			isa = PBXGroup;
			children = (
				D65DC8911ED825500030636D /* Controllers */,
				D65DC8941ED825500030636D /* Models */,
				D65DC8951ED825500030636D /* ViewModels */,
				D65DC8961ED825500030636D /* Views */,
			);
			path = Channel;
			sourceTree = "<group>";
		};
		D65DC8911ED825500030636D /* Controllers */ = {
			isa = PBXGroup;
			children = (
				D65DC8921ED825500030636D /* ChannelViewController.h */,
				D65DC8931ED825500030636D /* ChannelViewController.m */,
			);
			path = Controllers;
			sourceTree = "<group>";
		};
		D65DC8941ED825500030636D /* Models */ = {
			isa = PBXGroup;
			children = (
			);
			path = Models;
			sourceTree = "<group>";
		};
		D65DC8951ED825500030636D /* ViewModels */ = {
			isa = PBXGroup;
			children = (
			);
			path = ViewModels;
			sourceTree = "<group>";
		};
		D65DC8961ED825500030636D /* Views */ = {
			isa = PBXGroup;
			children = (
			);
			path = Views;
			sourceTree = "<group>";
		};
		D65DC8971ED825500030636D /* Home */ = {
			isa = PBXGroup;
			children = (
				D65DC8A71ED825500030636D /* OFHomeMacro.h */,
				D65DC8981ED825500030636D /* Controllers */,
				D65DC89D1ED825500030636D /* Models */,
				D65DC8A01ED825500030636D /* ViewModels */,
				D65DC8A31ED825500030636D /* Views */,
			);
			path = Home;
			sourceTree = "<group>";
		};
		D65DC8981ED825500030636D /* Controllers */ = {
			isa = PBXGroup;
			children = (
				D65DC89B1ED825500030636D /* HomeViewController.h */,
				D65DC89C1ED825500030636D /* HomeViewController.m */,
				D3207FCE1ED91C8A00240DD2 /* HotPlayController.h */,
				D3207FCF1ED91C8A00240DD2 /* HotPlayController.m */,
				D65DC8991ED825500030636D /* DetailsViewController.h */,
				D65DC89A1ED825500030636D /* DetailsViewController.m */,
			);
			path = Controllers;
			sourceTree = "<group>";
		};
		D65DC89D1ED825500030636D /* Models */ = {
			isa = PBXGroup;
			children = (
				D65DC89E1ED825500030636D /* HomeModel.h */,
				D65DC89F1ED825500030636D /* HomeModel.m */,
			);
			path = Models;
			sourceTree = "<group>";
		};
		D65DC8A01ED825500030636D /* ViewModels */ = {
			isa = PBXGroup;
			children = (
				D3207FCB1ED910A500240DD2 /* HomeTabContainerViewModel.h */,
				D3207FCC1ED910A500240DD2 /* HomeTabContainerViewModel.m */,
				D3207FD71ED9487200240DD2 /* HotTableViewModel.h */,
				D3207FD81ED9487200240DD2 /* HotTableViewModel.m */,
				D3207FDD1ED94C5F00240DD2 /* HotTableViewCellViewModel.h */,
				D3207FDE1ED94C5F00240DD2 /* HotTableViewCellViewModel.m */,
			);
			path = ViewModels;
			sourceTree = "<group>";
		};
		D65DC8A31ED825500030636D /* Views */ = {
			isa = PBXGroup;
			children = (
				D65DC8A41ED825500030636D /* HomeTableViewCell.h */,
				D65DC8A51ED825500030636D /* HomeTableViewCell.m */,
				D65DC8DA1ED83A490030636D /* OShowDetailsView.h */,
				D65DC8DB1ED83A490030636D /* OShowDetailsView.m */,
				D65DC8E01ED94B430030636D /* CommentsCell.h */,
				D65DC8E11ED94B430030636D /* CommentsCell.m */,
				D3207FD41ED92E1A00240DD2 /* OSearchView.h */,
				D3207FD51ED92E1A00240DD2 /* OSearchView.m */,
				D3207FDA1ED9497000240DD2 /* HotTableViewCell.h */,
				D3207FDB1ED9497000240DD2 /* HotTableViewCell.m */,
				D3E5435C1ED9505900D8898C /* VerticalVideoCollectionCell.h */,
				D3E5435D1ED9505900D8898C /* VerticalVideoCollectionCell.m */,
			);
			path = Views;
			sourceTree = "<group>";
		};
		D65DC8A61ED825500030636D /* Macro */ = {
			isa = PBXGroup;
			children = (
				D65DC8A81ED825500030636D /* OFNotificationMacros.h */,
				D65DC8A91ED825500030636D /* OFUIkitMacro.h */,
				D3207FC81ED82F5E00240DD2 /* OVendorMacro.h */,
				D3207FC91ED82FDC00240DD2 /* OEnviroment.h */,
			);
			path = Macro;
			sourceTree = "<group>";
		};
		D65DC8AA1ED825500030636D /* My */ = {
			isa = PBXGroup;
			children = (
				D65DC8AB1ED825500030636D /* Controllers */,
				D65DC8AE1ED825500030636D /* Models */,
				D65DC8AF1ED825500030636D /* ViewModels */,
				D65DC8B01ED825500030636D /* Views */,
			);
			path = My;
			sourceTree = "<group>";
		};
		D65DC8AB1ED825500030636D /* Controllers */ = {
			isa = PBXGroup;
			children = (
				D65DC8AC1ED825500030636D /* MyViewController.h */,
				D65DC8AD1ED825500030636D /* MyViewController.m */,
			);
			path = Controllers;
			sourceTree = "<group>";
		};
		D65DC8AE1ED825500030636D /* Models */ = {
			isa = PBXGroup;
			children = (
			);
			path = Models;
			sourceTree = "<group>";
		};
		D65DC8AF1ED825500030636D /* ViewModels */ = {
			isa = PBXGroup;
			children = (
			);
			path = ViewModels;
			sourceTree = "<group>";
		};
		D65DC8B01ED825500030636D /* Views */ = {
			isa = PBXGroup;
			children = (
				D65DC8B11ED825500030636D /* MyView.h */,
				D65DC8B21ED825500030636D /* MyView.m */,
			);
			path = Views;
			sourceTree = "<group>";
		};
		D65DC8B31ED825500030636D /* OFFrameworks */ = {
			isa = PBXGroup;
			children = (
				D65DC8B41ED825500030636D /* TTYPageController */,
			);
			path = OFFrameworks;
			sourceTree = "<group>";
		};
		D65DC8B41ED825500030636D /* TTYPageController */ = {
			isa = PBXGroup;
			children = (
				D65DC8B51ED825500030636D /* TYPagerController.h */,
				D65DC8B61ED825500030636D /* TYPagerController.m */,
				D65DC8B71ED825500030636D /* TYTabButtonPagerController.h */,
				D65DC8B81ED825500030636D /* TYTabButtonPagerController.m */,
				D65DC8B91ED825500030636D /* TYTabPagerController.h */,
				D65DC8BA1ED825500030636D /* TYTabPagerController.m */,
				D65DC8BB1ED825500030636D /* TYTabTitleCellProtocol.h */,
				D65DC8BC1ED825500030636D /* TYTabTitleViewCell.h */,
				D65DC8BD1ED825500030636D /* TYTabTitleViewCell.m */,
			);
			path = TTYPageController;
			sourceTree = "<group>";
		};
		D65DC8BE1ED825500030636D /* RemoteControl */ = {
			isa = PBXGroup;
			children = (
				D65DC8BF1ED825500030636D /* Controllers */,
				D65DC8C21ED825500030636D /* Models */,
				D65DC8C31ED825500030636D /* ViewModels */,
				D65DC8C41ED825500030636D /* Views */,
			);
			path = RemoteControl;
			sourceTree = "<group>";
		};
		D65DC8BF1ED825500030636D /* Controllers */ = {
			isa = PBXGroup;
			children = (
				D65DC8C01ED825500030636D /* RemoteViewController.h */,
				D65DC8C11ED825500030636D /* RemoteViewController.m */,
			);
			path = Controllers;
			sourceTree = "<group>";
		};
		D65DC8C21ED825500030636D /* Models */ = {
			isa = PBXGroup;
			children = (
			);
			path = Models;
			sourceTree = "<group>";
		};
		D65DC8C31ED825500030636D /* ViewModels */ = {
			isa = PBXGroup;
			children = (
			);
			path = ViewModels;
			sourceTree = "<group>";
		};
		D65DC8C41ED825500030636D /* Views */ = {
			isa = PBXGroup;
			children = (
				D65DC8C51ED825500030636D /* RemoteView.h */,
				D65DC8C61ED825500030636D /* RemoteView.m */,
			);
			path = Views;
			sourceTree = "<group>";
		};
		E2D9EF11CB7F47353EABA8EC /* Frameworks */ = {
			isa = PBXGroup;
			children = (
				D3C29BCE1ED802CF0030D262 /* libPods-OFProjectTemplateTests.a */,
				D3C29BCC1ED7FF660030D262 /* libsqlite3.tbd */,
				D3C29BCA1ED7FF530030D262 /* libz.1.tbd */,
				D3C29BC81ED7FF410030D262 /* libc++.tbd */,
				D3C29BC61ED7FF300030D262 /* libz.tbd */,
				F768E05650A828AB4D1F1B5D /* libPods-OFProjectTemplateTests.a */,
				C14FF01F146D2B30F592A263 /* libPods-OFProjectTemplate.a */,
			);
			name = Frameworks;
			sourceTree = "<group>";
		};
/* End PBXGroup section */

/* Begin PBXNativeTarget section */
		D30CB19C1ED7F6DE000AC0BB /* OFProjectTemplate */ = {
			isa = PBXNativeTarget;
			buildConfigurationList = D30CB1BF1ED7F6DE000AC0BB /* Build configuration list for PBXNativeTarget "OFProjectTemplate" */;
			buildPhases = (
				2737AF902B909BE15C916316 /* [CP] Check Pods Manifest.lock */,
				D30CB1991ED7F6DE000AC0BB /* Sources */,
				D30CB19A1ED7F6DE000AC0BB /* Frameworks */,
				D30CB19B1ED7F6DE000AC0BB /* Resources */,
				2450FC17A02AE2ED822E107B /* [CP] Embed Pods Frameworks */,
				A1A946E4FB8247E8350CDC34 /* [CP] Copy Pods Resources */,
			);
			buildRules = (
			);
			dependencies = (
			);
			name = OFProjectTemplate;
			productName = OFProjectTemplate;
			productReference = D30CB19D1ED7F6DE000AC0BB /* OFProjectTemplate.app */;
			productType = "com.apple.product-type.application";
		};
		D30CB1B51ED7F6DE000AC0BB /* OFProjectTemplateTests */ = {
			isa = PBXNativeTarget;
			buildConfigurationList = D30CB1C21ED7F6DE000AC0BB /* Build configuration list for PBXNativeTarget "OFProjectTemplateTests" */;
			buildPhases = (
				D30CB1B21ED7F6DE000AC0BB /* Sources */,
				D30CB1B31ED7F6DE000AC0BB /* Frameworks */,
				D30CB1B41ED7F6DE000AC0BB /* Resources */,
			);
			buildRules = (
			);
			dependencies = (
				D30CB1B81ED7F6DE000AC0BB /* PBXTargetDependency */,
			);
			name = OFProjectTemplateTests;
			productName = OFProjectTemplateTests;
			productReference = D30CB1B61ED7F6DE000AC0BB /* OFProjectTemplateTests.xctest */;
			productType = "com.apple.product-type.bundle.unit-test";
		};
/* End PBXNativeTarget section */

/* Begin PBXProject section */
		D30CB1951ED7F6DE000AC0BB /* Project object */ = {
			isa = PBXProject;
			attributes = {
				LastUpgradeCheck = 0830;
				ORGANIZATIONNAME = "com.oriental-finance.ios";
				TargetAttributes = {
					D30CB19C1ED7F6DE000AC0BB = {
						CreatedOnToolsVersion = 8.3.2;
						DevelopmentTeam = 9JT2H9H8X9;
						ProvisioningStyle = Automatic;
					};
					D30CB1B51ED7F6DE000AC0BB = {
						CreatedOnToolsVersion = 8.3.2;
						ProvisioningStyle = Automatic;
						TestTargetID = D30CB19C1ED7F6DE000AC0BB;
					};
				};
			};
			buildConfigurationList = D30CB1981ED7F6DE000AC0BB /* Build configuration list for PBXProject "OFProjectTemplate" */;
			compatibilityVersion = "Xcode 3.2";
			developmentRegion = English;
			hasScannedForEncodings = 0;
			knownRegions = (
				en,
				Base,
			);
			mainGroup = D30CB1941ED7F6DE000AC0BB;
			productRefGroup = D30CB19E1ED7F6DE000AC0BB /* Products */;
			projectDirPath = "";
			projectRoot = "";
			targets = (
				D30CB19C1ED7F6DE000AC0BB /* OFProjectTemplate */,
				D30CB1B51ED7F6DE000AC0BB /* OFProjectTemplateTests */,
			);
		};
/* End PBXProject section */

/* Begin PBXResourcesBuildPhase section */
		D30CB19B1ED7F6DE000AC0BB /* Resources */ = {
			isa = PBXResourcesBuildPhase;
			buildActionMask = 2147483647;
			files = (
				D30CB1B01ED7F6DE000AC0BB /* LaunchScreen.storyboard in Resources */,
				D30CB1AD1ED7F6DE000AC0BB /* Assets.xcassets in Resources */,
				D30CB1AB1ED7F6DE000AC0BB /* Main.storyboard in Resources */,
			);
			runOnlyForDeploymentPostprocessing = 0;
		};
		D30CB1B41ED7F6DE000AC0BB /* Resources */ = {
			isa = PBXResourcesBuildPhase;
			buildActionMask = 2147483647;
			files = (
			);
			runOnlyForDeploymentPostprocessing = 0;
		};
/* End PBXResourcesBuildPhase section */

/* Begin PBXShellScriptBuildPhase section */
		2450FC17A02AE2ED822E107B /* [CP] Embed Pods Frameworks */ = {
			isa = PBXShellScriptBuildPhase;
			buildActionMask = 2147483647;
			files = (
			);
			inputPaths = (
			);
			name = "[CP] Embed Pods Frameworks";
			outputPaths = (
			);
			runOnlyForDeploymentPostprocessing = 0;
			shellPath = /bin/sh;
			shellScript = "\"${SRCROOT}/Pods/Target Support Files/Pods-OFProjectTemplate/Pods-OFProjectTemplate-frameworks.sh\"\n";
			showEnvVarsInLog = 0;
		};
		2737AF902B909BE15C916316 /* [CP] Check Pods Manifest.lock */ = {
			isa = PBXShellScriptBuildPhase;
			buildActionMask = 2147483647;
			files = (
			);
			inputPaths = (
			);
			name = "[CP] Check Pods Manifest.lock";
			outputPaths = (
			);
			runOnlyForDeploymentPostprocessing = 0;
			shellPath = /bin/sh;
			shellScript = "diff \"${PODS_PODFILE_DIR_PATH}/Podfile.lock\" \"${PODS_ROOT}/Manifest.lock\" > /dev/null\nif [ $? != 0 ] ; then\n    # print error to STDERR\n    echo \"error: The sandbox is not in sync with the Podfile.lock. Run 'pod install' or update your CocoaPods installation.\" >&2\n    exit 1\nfi\n";
			showEnvVarsInLog = 0;
		};
		A1A946E4FB8247E8350CDC34 /* [CP] Copy Pods Resources */ = {
			isa = PBXShellScriptBuildPhase;
			buildActionMask = 2147483647;
			files = (
			);
			inputPaths = (
			);
			name = "[CP] Copy Pods Resources";
			outputPaths = (
			);
			runOnlyForDeploymentPostprocessing = 0;
			shellPath = /bin/sh;
			shellScript = "\"${SRCROOT}/Pods/Target Support Files/Pods-OFProjectTemplate/Pods-OFProjectTemplate-resources.sh\"\n";
			showEnvVarsInLog = 0;
		};
/* End PBXShellScriptBuildPhase section */

/* Begin PBXSourcesBuildPhase section */
		D30CB1991ED7F6DE000AC0BB /* Sources */ = {
			isa = PBXSourcesBuildPhase;
			buildActionMask = 2147483647;
			files = (
				D3207FD01ED91C8A00240DD2 /* HotPlayController.m in Sources */,
				D65DC8D91ED825500030636D /* RemoteView.m in Sources */,
				D3E5436C1EDE546E00D8898C /* OBannerView.m in Sources */,
				D65DC8D71ED825500030636D /* TYTabTitleViewCell.m in Sources */,
				D65DC8CC1ED825500030636D /* ChannelViewController.m in Sources */,
				D65DC8CD1ED825500030636D /* DetailsViewController.m in Sources */,
				D3E543681ED959EF00D8898C /* UITableView+Extension.m in Sources */,
				D3E543731EDE68B800D8898C /* UIImageView+FadeForSDWebImage.m in Sources */,
				D65DC8CB1ED825500030636D /* OFBaseViewController.m in Sources */,
				D3E543761EDE691000D8898C /* UIButton+FadeForSDWebImage.m in Sources */,
				D65DC8CA1ED825500030636D /* ApplicationView.m in Sources */,
				D3207FDF1ED94C5F00240DD2 /* HotTableViewCellViewModel.m in Sources */,
				D65DC8D31ED825500030636D /* MyView.m in Sources */,
				D3207FCD1ED910A500240DD2 /* HomeTabContainerViewModel.m in Sources */,
				D65DC8D11ED825500030636D /* HomeTableViewCell.m in Sources */,
				D65DC8C81ED825500030636D /* ApplicationViewController.m in Sources */,
				D65DC8D81ED825500030636D /* RemoteViewController.m in Sources */,
				D3E5435E1ED9505900D8898C /* VerticalVideoCollectionCell.m in Sources */,
				D65DC8D51ED825500030636D /* TYTabButtonPagerController.m in Sources */,
				D65DC8D41ED825500030636D /* TYPagerController.m in Sources */,
				D65DC8CE1ED825500030636D /* HomeViewController.m in Sources */,
				D65DC8D21ED825500030636D /* MyViewController.m in Sources */,
				D3207FD61ED92E1A00240DD2 /* OSearchView.m in Sources */,
				D65DC8D61ED825500030636D /* TYTabPagerController.m in Sources */,
				D3E5436F1EDE615900D8898C /* OShowHud.m in Sources */,
				D30CB1A51ED7F6DE000AC0BB /* AppDelegate.m in Sources */,
				D3207FDC1ED9497000240DD2 /* HotTableViewCell.m in Sources */,
				D65DC8CF1ED825500030636D /* HomeModel.m in Sources */,
				D65DC8DC1ED83A490030636D /* OShowDetailsView.m in Sources */,
				D65DC8C71ED825500030636D /* ApplicationDetailsViewController.m in Sources */,
				D65DC8E21ED94B430030636D /* CommentsCell.m in Sources */,
				D65DC8C91ED825500030636D /* ApplicationTableViewCell.m in Sources */,
				D3207FD91ED9487200240DD2 /* HotTableViewModel.m in Sources */,
				D30CB1A21ED7F6DE000AC0BB /* main.m in Sources */,
			);
			runOnlyForDeploymentPostprocessing = 0;
		};
		D30CB1B21ED7F6DE000AC0BB /* Sources */ = {
			isa = PBXSourcesBuildPhase;
			buildActionMask = 2147483647;
			files = (
				D30CB1BB1ED7F6DE000AC0BB /* OFProjectTemplateTests.m in Sources */,
			);
			runOnlyForDeploymentPostprocessing = 0;
		};
/* End PBXSourcesBuildPhase section */

/* Begin PBXTargetDependency section */
		D30CB1B81ED7F6DE000AC0BB /* PBXTargetDependency */ = {
			isa = PBXTargetDependency;
			target = D30CB19C1ED7F6DE000AC0BB /* OFProjectTemplate */;
			targetProxy = D30CB1B71ED7F6DE000AC0BB /* PBXContainerItemProxy */;
		};
/* End PBXTargetDependency section */

/* Begin PBXVariantGroup section */
		D30CB1A91ED7F6DE000AC0BB /* Main.storyboard */ = {
			isa = PBXVariantGroup;
			children = (
				D30CB1AA1ED7F6DE000AC0BB /* Base */,
			);
			name = Main.storyboard;
			sourceTree = "<group>";
		};
		D30CB1AE1ED7F6DE000AC0BB /* LaunchScreen.storyboard */ = {
			isa = PBXVariantGroup;
			children = (
				D30CB1AF1ED7F6DE000AC0BB /* Base */,
			);
			name = LaunchScreen.storyboard;
			sourceTree = "<group>";
		};
/* End PBXVariantGroup section */

/* Begin XCBuildConfiguration section */
		D30CB1BD1ED7F6DE000AC0BB /* Debug */ = {
			isa = XCBuildConfiguration;
			buildSettings = {
				ALWAYS_SEARCH_USER_PATHS = NO;
				CLANG_ANALYZER_NONNULL = YES;
				CLANG_ANALYZER_NUMBER_OBJECT_CONVERSION = YES_AGGRESSIVE;
				CLANG_CXX_LANGUAGE_STANDARD = "gnu++0x";
				CLANG_CXX_LIBRARY = "libc++";
				CLANG_ENABLE_MODULES = YES;
				CLANG_ENABLE_OBJC_ARC = YES;
				CLANG_WARN_BOOL_CONVERSION = YES;
				CLANG_WARN_CONSTANT_CONVERSION = YES;
				CLANG_WARN_DIRECT_OBJC_ISA_USAGE = YES_ERROR;
				CLANG_WARN_DOCUMENTATION_COMMENTS = YES;
				CLANG_WARN_EMPTY_BODY = YES;
				CLANG_WARN_ENUM_CONVERSION = YES;
				CLANG_WARN_INFINITE_RECURSION = YES;
				CLANG_WARN_INT_CONVERSION = YES;
				CLANG_WARN_OBJC_ROOT_CLASS = YES_ERROR;
				CLANG_WARN_SUSPICIOUS_MOVE = YES;
				CLANG_WARN_UNREACHABLE_CODE = YES;
				CLANG_WARN__DUPLICATE_METHOD_MATCH = YES;
				"CODE_SIGN_IDENTITY[sdk=iphoneos*]" = "iPhone Developer";
				COPY_PHASE_STRIP = NO;
				DEBUG_INFORMATION_FORMAT = dwarf;
				ENABLE_STRICT_OBJC_MSGSEND = YES;
				ENABLE_TESTABILITY = YES;
				GCC_C_LANGUAGE_STANDARD = gnu99;
				GCC_DYNAMIC_NO_PIC = NO;
				GCC_NO_COMMON_BLOCKS = YES;
				GCC_OPTIMIZATION_LEVEL = 0;
				GCC_PREPROCESSOR_DEFINITIONS = (
					"DEBUG=1",
					"$(inherited)",
				);
				GCC_WARN_64_TO_32_BIT_CONVERSION = YES;
				GCC_WARN_ABOUT_RETURN_TYPE = YES_ERROR;
				GCC_WARN_UNDECLARED_SELECTOR = YES;
				GCC_WARN_UNINITIALIZED_AUTOS = YES_AGGRESSIVE;
				GCC_WARN_UNUSED_FUNCTION = YES;
				GCC_WARN_UNUSED_VARIABLE = YES;
				IPHONEOS_DEPLOYMENT_TARGET = 10.3;
				MTL_ENABLE_DEBUG_INFO = YES;
				ONLY_ACTIVE_ARCH = YES;
				SDKROOT = iphoneos;
				TARGETED_DEVICE_FAMILY = "1,2";
			};
			name = Debug;
		};
		D30CB1BE1ED7F6DE000AC0BB /* Release */ = {
			isa = XCBuildConfiguration;
			buildSettings = {
				ALWAYS_SEARCH_USER_PATHS = NO;
				CLANG_ANALYZER_NONNULL = YES;
				CLANG_ANALYZER_NUMBER_OBJECT_CONVERSION = YES_AGGRESSIVE;
				CLANG_CXX_LANGUAGE_STANDARD = "gnu++0x";
				CLANG_CXX_LIBRARY = "libc++";
				CLANG_ENABLE_MODULES = YES;
				CLANG_ENABLE_OBJC_ARC = YES;
				CLANG_WARN_BOOL_CONVERSION = YES;
				CLANG_WARN_CONSTANT_CONVERSION = YES;
				CLANG_WARN_DIRECT_OBJC_ISA_USAGE = YES_ERROR;
				CLANG_WARN_DOCUMENTATION_COMMENTS = YES;
				CLANG_WARN_EMPTY_BODY = YES;
				CLANG_WARN_ENUM_CONVERSION = YES;
				CLANG_WARN_INFINITE_RECURSION = YES;
				CLANG_WARN_INT_CONVERSION = YES;
				CLANG_WARN_OBJC_ROOT_CLASS = YES_ERROR;
				CLANG_WARN_SUSPICIOUS_MOVE = YES;
				CLANG_WARN_UNREACHABLE_CODE = YES;
				CLANG_WARN__DUPLICATE_METHOD_MATCH = YES;
				"CODE_SIGN_IDENTITY[sdk=iphoneos*]" = "iPhone Developer";
				COPY_PHASE_STRIP = NO;
				DEBUG_INFORMATION_FORMAT = "dwarf-with-dsym";
				ENABLE_NS_ASSERTIONS = NO;
				ENABLE_STRICT_OBJC_MSGSEND = YES;
				GCC_C_LANGUAGE_STANDARD = gnu99;
				GCC_NO_COMMON_BLOCKS = YES;
				GCC_WARN_64_TO_32_BIT_CONVERSION = YES;
				GCC_WARN_ABOUT_RETURN_TYPE = YES_ERROR;
				GCC_WARN_UNDECLARED_SELECTOR = YES;
				GCC_WARN_UNINITIALIZED_AUTOS = YES_AGGRESSIVE;
				GCC_WARN_UNUSED_FUNCTION = YES;
				GCC_WARN_UNUSED_VARIABLE = YES;
				IPHONEOS_DEPLOYMENT_TARGET = 10.3;
				MTL_ENABLE_DEBUG_INFO = NO;
				SDKROOT = iphoneos;
				TARGETED_DEVICE_FAMILY = "1,2";
				VALIDATE_PRODUCT = YES;
			};
			name = Release;
		};
		D30CB1C01ED7F6DE000AC0BB /* Debug */ = {
			isa = XCBuildConfiguration;
			baseConfigurationReference = A1785CF1F83A3AB4912F8693 /* Pods-OFProjectTemplate.debug.xcconfig */;
			buildSettings = {
				ASSETCATALOG_COMPILER_APPICON_NAME = AppIcon;
				DEVELOPMENT_TEAM = 9JT2H9H8X9;
				INFOPLIST_FILE = OFProjectTemplate/Info.plist;
				IPHONEOS_DEPLOYMENT_TARGET = 8.0;
				LD_RUNPATH_SEARCH_PATHS = "$(inherited) @executable_path/Frameworks";
				LIBRARY_SEARCH_PATHS = (
					"$(inherited)",
					"$(PROJECT_DIR)/**",
				);
				PRODUCT_BUNDLE_IDENTIFIER = "com.oriental-finance.ios.OFProjectTemplate";
				PRODUCT_NAME = "$(TARGET_NAME)";
				USER_HEADER_SEARCH_PATHS = "$(SRCROOT)/**";
			};
			name = Debug;
		};
		D30CB1C11ED7F6DE000AC0BB /* Release */ = {
			isa = XCBuildConfiguration;
			baseConfigurationReference = 184A319786C35924AA5CA6BA /* Pods-OFProjectTemplate.release.xcconfig */;
			buildSettings = {
				ASSETCATALOG_COMPILER_APPICON_NAME = AppIcon;
				DEVELOPMENT_TEAM = 9JT2H9H8X9;
				INFOPLIST_FILE = OFProjectTemplate/Info.plist;
				IPHONEOS_DEPLOYMENT_TARGET = 8.0;
				LD_RUNPATH_SEARCH_PATHS = "$(inherited) @executable_path/Frameworks";
				LIBRARY_SEARCH_PATHS = (
					"$(inherited)",
					"$(PROJECT_DIR)/**",
				);
				PRODUCT_BUNDLE_IDENTIFIER = "com.oriental-finance.ios.OFProjectTemplate";
				PRODUCT_NAME = "$(TARGET_NAME)";
				USER_HEADER_SEARCH_PATHS = "$(SRCROOT)/**";
			};
			name = Release;
		};
		D30CB1C31ED7F6DE000AC0BB /* Debug */ = {
			isa = XCBuildConfiguration;
			buildSettings = {
				BUNDLE_LOADER = "$(TEST_HOST)";
				INFOPLIST_FILE = OFProjectTemplateTests/Info.plist;
				LD_RUNPATH_SEARCH_PATHS = "$(inherited) @executable_path/Frameworks @loader_path/Frameworks";
				PRODUCT_BUNDLE_IDENTIFIER = "com.oriental-finance.ios.OFProjectTemplateTests";
				PRODUCT_NAME = "$(TARGET_NAME)";
				TEST_HOST = "$(BUILT_PRODUCTS_DIR)/OFProjectTemplate.app/OFProjectTemplate";
			};
			name = Debug;
		};
		D30CB1C41ED7F6DE000AC0BB /* Release */ = {
			isa = XCBuildConfiguration;
			buildSettings = {
				BUNDLE_LOADER = "$(TEST_HOST)";
				INFOPLIST_FILE = OFProjectTemplateTests/Info.plist;
				LD_RUNPATH_SEARCH_PATHS = "$(inherited) @executable_path/Frameworks @loader_path/Frameworks";
				PRODUCT_BUNDLE_IDENTIFIER = "com.oriental-finance.ios.OFProjectTemplateTests";
				PRODUCT_NAME = "$(TARGET_NAME)";
				TEST_HOST = "$(BUILT_PRODUCTS_DIR)/OFProjectTemplate.app/OFProjectTemplate";
			};
			name = Release;
		};
/* End XCBuildConfiguration section */

/* Begin XCConfigurationList section */
		D30CB1981ED7F6DE000AC0BB /* Build configuration list for PBXProject "OFProjectTemplate" */ = {
			isa = XCConfigurationList;
			buildConfigurations = (
				D30CB1BD1ED7F6DE000AC0BB /* Debug */,
				D30CB1BE1ED7F6DE000AC0BB /* Release */,
			);
			defaultConfigurationIsVisible = 0;
			defaultConfigurationName = Release;
		};
		D30CB1BF1ED7F6DE000AC0BB /* Build configuration list for PBXNativeTarget "OFProjectTemplate" */ = {
			isa = XCConfigurationList;
			buildConfigurations = (
				D30CB1C01ED7F6DE000AC0BB /* Debug */,
				D30CB1C11ED7F6DE000AC0BB /* Release */,
			);
			defaultConfigurationIsVisible = 0;
			defaultConfigurationName = Release;
		};
		D30CB1C21ED7F6DE000AC0BB /* Build configuration list for PBXNativeTarget "OFProjectTemplateTests" */ = {
			isa = XCConfigurationList;
			buildConfigurations = (
				D30CB1C31ED7F6DE000AC0BB /* Debug */,
				D30CB1C41ED7F6DE000AC0BB /* Release */,
			);
			defaultConfigurationIsVisible = 0;
			defaultConfigurationName = Release;
		};
/* End XCConfigurationList section */
	};
	rootObject = D30CB1951ED7F6DE000AC0BB /* Project object */;
}
